
Microsoft Visual Studio Solution File, Format Version 12.00
# Visual Studio 15
VisualStudioVersion = 15.0.27428.2005
MinimumVisualStudioVersion = 10.0.40219.1
Project("{FAE04EC0-301F-11D3-BF4B-00C04F79EFBC}") = "TelegramBotForLoymax", "TelegramBotForLoymax\TelegramBotForLoymax.csproj", "{E39423D4-CA7E-4F6F-B871-6415A584F43F}"
EndProject
Project("{FAE04EC0-301F-11D3-BF4B-00C04F79EFBC}") = "TelegramBotForLoymax.Core", "TelegramBotForLoymax.Core\TelegramBotForLoymax.Core.csproj", "{DD7A164C-B8EA-4C8B-9420-A0CD32F07092}"
EndProject
Project("{FAE04EC0-301F-11D3-BF4B-00C04F79EFBC}") = "TelegramBotForLoymax.DataLayer", "TelegramBotForLoymax.DataLayer\TelegramBotForLoymax.DataLayer.csproj", "{B4B49BFC-73AF-4C3F-B000-07925918C9A1}"
EndProject
Global
	GlobalSection(SolutionConfigurationPlatforms) = preSolution
		Debug|Any CPU = Debug|Any CPU
		Release|Any CPU = Release|Any CPU
	EndGlobalSection
	GlobalSection(ProjectConfigurationPlatforms) = postSolution
		{E39423D4-CA7E-4F6F-B871-6415A584F43F}.Debug|Any CPU.ActiveCfg = Debug|Any CPU
		{E39423D4-CA7E-4F6F-B871-6415A584F43F}.Debug|Any CPU.Build.0 = Debug|Any CPU
		{E39423D4-CA7E-4F6F-B871-6415A584F43F}.Release|Any CPU.ActiveCfg = Release|Any CPU
		{E39423D4-CA7E-4F6F-B871-6415A584F43F}.Release|Any CPU.Build.0 = Release|Any CPU
		{DD7A164C-B8EA-4C8B-9420-A0CD32F07092}.Debug|Any CPU.ActiveCfg = Debug|Any CPU
		{DD7A164C-B8EA-4C8B-9420-A0CD32F07092}.Debug|Any CPU.Build.0 = Debug|Any CPU
		{DD7A164C-B8EA-4C8B-9420-A0CD32F07092}.Release|Any CPU.ActiveCfg = Release|Any CPU
		{DD7A164C-B8EA-4C8B-9420-A0CD32F07092}.Release|Any CPU.Build.0 = Release|Any CPU
		{B4B49BFC-73AF-4C3F-B000-07925918C9A1}.Debug|Any CPU.ActiveCfg = Debug|Any CPU
		{B4B49BFC-73AF-4C3F-B000-07925918C9A1}.Debug|Any CPU.Build.0 = Debug|Any CPU
		{B4B49BFC-73AF-4C3F-B000-07925918C9A1}.Release|Any CPU.ActiveCfg = Release|Any CPU
		{B4B49BFC-73AF-4C3F-B000-07925918C9A1}.Release|Any CPU.Build.0 = Release|Any CPU
	EndGlobalSection
	GlobalSection(SolutionProperties) = preSolution
		HideSolutionNode = FALSE
	EndGlobalSection
	GlobalSection(ExtensibilityGlobals) = postSolution
		SolutionGuid = {99B08C62-5E3A-4F73-ADA2-47EBA42591B5}
	EndGlobalSection
EndGlobal
